// !$*UTF8*$!
{
	archiveVersion = 1;
	classes = {
	};
	objectVersion = 50;
	objects = {

/* Begin PBXBuildFile section */
		1008025821D51C350036733B /* AppDelegate.swift in Sources */ = {isa = PBXBuildFile; fileRef = 1008025721D51C350036733B /* AppDelegate.swift */; };
		1008025A21D51C350036733B /* ViewController.swift in Sources */ = {isa = PBXBuildFile; fileRef = 1008025921D51C350036733B /* ViewController.swift */; };
		1008025D21D51C350036733B /* Main.storyboard in Resources */ = {isa = PBXBuildFile; fileRef = 1008025B21D51C350036733B /* Main.storyboard */; };
		1008025F21D51C360036733B /* Assets.xcassets in Resources */ = {isa = PBXBuildFile; fileRef = 1008025E21D51C360036733B /* Assets.xcassets */; };
		1008026221D51C360036733B /* LaunchScreen.storyboard in Resources */ = {isa = PBXBuildFile; fileRef = 1008026021D51C360036733B /* LaunchScreen.storyboard */; };
		1008026721D51DB90036733B /* Taycan.framework in Frameworks */ = {isa = PBXBuildFile; fileRef = 108C38F321D4F2FA000F93A1 /* Taycan.framework */; };
		1008026821D51DB90036733B /* Taycan.framework in Embed Frameworks */ = {isa = PBXBuildFile; fileRef = 108C38F321D4F2FA000F93A1 /* Taycan.framework */; settings = {ATTRIBUTES = (CodeSignOnCopy, RemoveHeadersOnCopy, ); }; };
		108C38F821D4F2FA000F93A1 /* Taycan.h in Headers */ = {isa = PBXBuildFile; fileRef = 108C38F621D4F2FA000F93A1 /* Taycan.h */; settings = {ATTRIBUTES = (Public, ); }; };
		108C390121D4F433000F93A1 /* unqlite.c in Sources */ = {isa = PBXBuildFile; fileRef = 108C38FF21D4F433000F93A1 /* unqlite.c */; };
		108C390221D4F433000F93A1 /* unqlite.h in Headers */ = {isa = PBXBuildFile; fileRef = 108C390021D4F433000F93A1 /* unqlite.h */; settings = {ATTRIBUTES = (Private, ); }; };
		B2D2A144213B3C14D52AD1DD /* taycan_core.c in Sources */ = {isa = PBXBuildFile; fileRef = B2D2A41C4808B2EC99A66460 /* taycan_core.c */; };
		B2D2A2DF597E202B21CE4916 /* TaycanEnvironment.swift in Sources */ = {isa = PBXBuildFile; fileRef = B2D2A4EC5D9D05083D88702B /* TaycanEnvironment.swift */; };
		B2D2A33580003E6B7D7207F0 /* taycan_log.c in Sources */ = {isa = PBXBuildFile; fileRef = B2D2AE2ECC67A078C1D502A0 /* taycan_log.c */; };
		B2D2A344EB075D2A42B66564 /* Horn.swift in Sources */ = {isa = PBXBuildFile; fileRef = B2D2AC6C5D0A687B7EEA14F2 /* Horn.swift */; };
		B2D2A4015DC16A2BF178A548 /* DataConvertible.swift in Sources */ = {isa = PBXBuildFile; fileRef = B2D2A761E5EB85E4A1BFFFAA /* DataConvertible.swift */; };
		B2D2A8DDF25F8A116753D693 /* Coder.swift in Sources */ = {isa = PBXBuildFile; fileRef = B2D2A9EF3BED2B5CDEA96426 /* Coder.swift */; };
		B2D2A91EB2889FE4BE1D88EE /* taycan_log.h in Headers */ = {isa = PBXBuildFile; fileRef = B2D2A7C11FAAF733A97167BA /* taycan_log.h */; settings = {ATTRIBUTES = (Public, ); }; };
		B2D2AA7B2D2E2459C107DC4F /* taycan_core.h in Headers */ = {isa = PBXBuildFile; fileRef = B2D2AD723D60435CAD4941CB /* taycan_core.h */; settings = {ATTRIBUTES = (Public, ); }; };
		B2D2AFC2750ADF42306873D8 /* Taycan.swift in Sources */ = {isa = PBXBuildFile; fileRef = B2D2ADC2089C2034E625AA43 /* Taycan.swift */; };
		B2D2AFEE169AD2BFFF0557BE /* Database.swift in Sources */ = {isa = PBXBuildFile; fileRef = B2D2AE1C61EF2A973CB8C65F /* Database.swift */; };
/* End PBXBuildFile section */

/* Begin PBXContainerItemProxy section */
		1008026921D51DB90036733B /* PBXContainerItemProxy */ = {
			isa = PBXContainerItemProxy;
			containerPortal = 108C38EA21D4F2FA000F93A1 /* Project object */;
			proxyType = 1;
			remoteGlobalIDString = 108C38F221D4F2FA000F93A1;
			remoteInfo = Taycan;
		};
/* End PBXContainerItemProxy section */

/* Begin PBXCopyFilesBuildPhase section */
		1008026B21D51DB90036733B /* Embed Frameworks */ = {
			isa = PBXCopyFilesBuildPhase;
			buildActionMask = 2147483647;
			dstPath = "";
			dstSubfolderSpec = 10;
			files = (
				1008026821D51DB90036733B /* Taycan.framework in Embed Frameworks */,
			);
			name = "Embed Frameworks";
			runOnlyForDeploymentPostprocessing = 0;
		};
/* End PBXCopyFilesBuildPhase section */

/* Begin PBXFileReference section */
		1008025521D51C350036733B /* TaycanDemo.app */ = {isa = PBXFileReference; explicitFileType = wrapper.application; includeInIndex = 0; path = TaycanDemo.app; sourceTree = BUILT_PRODUCTS_DIR; };
		1008025721D51C350036733B /* AppDelegate.swift */ = {isa = PBXFileReference; lastKnownFileType = sourcecode.swift; path = AppDelegate.swift; sourceTree = "<group>"; };
		1008025921D51C350036733B /* ViewController.swift */ = {isa = PBXFileReference; lastKnownFileType = sourcecode.swift; path = ViewController.swift; sourceTree = "<group>"; };
		1008025C21D51C350036733B /* Base */ = {isa = PBXFileReference; lastKnownFileType = file.storyboard; name = Base; path = Base.lproj/Main.storyboard; sourceTree = "<group>"; };
		1008025E21D51C360036733B /* Assets.xcassets */ = {isa = PBXFileReference; lastKnownFileType = folder.assetcatalog; path = Assets.xcassets; sourceTree = "<group>"; };
		1008026121D51C360036733B /* Base */ = {isa = PBXFileReference; lastKnownFileType = file.storyboard; name = Base; path = Base.lproj/LaunchScreen.storyboard; sourceTree = "<group>"; };
		1008026321D51C360036733B /* Info.plist */ = {isa = PBXFileReference; lastKnownFileType = text.plist.xml; path = Info.plist; sourceTree = "<group>"; };
		108C38F321D4F2FA000F93A1 /* Taycan.framework */ = {isa = PBXFileReference; explicitFileType = wrapper.framework; includeInIndex = 0; path = Taycan.framework; sourceTree = BUILT_PRODUCTS_DIR; };
		108C38F621D4F2FA000F93A1 /* Taycan.h */ = {isa = PBXFileReference; lastKnownFileType = sourcecode.c.h; path = Taycan.h; sourceTree = "<group>"; };
		108C38F721D4F2FA000F93A1 /* Info.plist */ = {isa = PBXFileReference; lastKnownFileType = text.plist.xml; path = Info.plist; sourceTree = "<group>"; };
		108C38FF21D4F433000F93A1 /* unqlite.c */ = {isa = PBXFileReference; fileEncoding = 4; lastKnownFileType = sourcecode.c.c; path = unqlite.c; sourceTree = "<group>"; };
		108C390021D4F433000F93A1 /* unqlite.h */ = {isa = PBXFileReference; fileEncoding = 4; lastKnownFileType = sourcecode.c.h; path = unqlite.h; sourceTree = "<group>"; };
		B2D2A41C4808B2EC99A66460 /* taycan_core.c */ = {isa = PBXFileReference; fileEncoding = 4; lastKnownFileType = sourcecode.c.c; path = taycan_core.c; sourceTree = "<group>"; };
		B2D2A4EC5D9D05083D88702B /* TaycanEnvironment.swift */ = {isa = PBXFileReference; fileEncoding = 4; lastKnownFileType = sourcecode.swift; path = TaycanEnvironment.swift; sourceTree = "<group>"; };
		B2D2A761E5EB85E4A1BFFFAA /* DataConvertible.swift */ = {isa = PBXFileReference; fileEncoding = 4; lastKnownFileType = sourcecode.swift; path = DataConvertible.swift; sourceTree = "<group>"; };
		B2D2A7C11FAAF733A97167BA /* taycan_log.h */ = {isa = PBXFileReference; fileEncoding = 4; lastKnownFileType = sourcecode.c.h; path = taycan_log.h; sourceTree = "<group>"; };
		B2D2A9EF3BED2B5CDEA96426 /* Coder.swift */ = {isa = PBXFileReference; fileEncoding = 4; lastKnownFileType = sourcecode.swift; path = Coder.swift; sourceTree = "<group>"; };
		B2D2AC6C5D0A687B7EEA14F2 /* Horn.swift */ = {isa = PBXFileReference; fileEncoding = 4; lastKnownFileType = sourcecode.swift; path = Horn.swift; sourceTree = "<group>"; };
		B2D2AD723D60435CAD4941CB /* taycan_core.h */ = {isa = PBXFileReference; fileEncoding = 4; lastKnownFileType = sourcecode.c.h; path = taycan_core.h; sourceTree = "<group>"; };
		B2D2ADC2089C2034E625AA43 /* Taycan.swift */ = {isa = PBXFileReference; fileEncoding = 4; lastKnownFileType = sourcecode.swift; path = Taycan.swift; sourceTree = "<group>"; };
		B2D2AE1C61EF2A973CB8C65F /* Database.swift */ = {isa = PBXFileReference; fileEncoding = 4; lastKnownFileType = sourcecode.swift; path = Database.swift; sourceTree = "<group>"; };
		B2D2AE2ECC67A078C1D502A0 /* taycan_log.c */ = {isa = PBXFileReference; fileEncoding = 4; lastKnownFileType = sourcecode.c.c; path = taycan_log.c; sourceTree = "<group>"; };
/* End PBXFileReference section */

/* Begin PBXFrameworksBuildPhase section */
		1008025221D51C350036733B /* Frameworks */ = {
			isa = PBXFrameworksBuildPhase;
			buildActionMask = 2147483647;
			files = (
				1008026721D51DB90036733B /* Taycan.framework in Frameworks */,
			);
			runOnlyForDeploymentPostprocessing = 0;
		};
		108C38F021D4F2FA000F93A1 /* Frameworks */ = {
			isa = PBXFrameworksBuildPhase;
			buildActionMask = 2147483647;
			files = (
			);
			runOnlyForDeploymentPostprocessing = 0;
		};
/* End PBXFrameworksBuildPhase section */

/* Begin PBXGroup section */
		1008025621D51C350036733B /* TaycanDemo */ = {
			isa = PBXGroup;
			children = (
				1008025721D51C350036733B /* AppDelegate.swift */,
				1008025921D51C350036733B /* ViewController.swift */,
				1008025B21D51C350036733B /* Main.storyboard */,
				1008025E21D51C360036733B /* Assets.xcassets */,
				1008026021D51C360036733B /* LaunchScreen.storyboard */,
				1008026321D51C360036733B /* Info.plist */,
				B2D2A4EC5D9D05083D88702B /* TaycanEnvironment.swift */,
			);
			path = TaycanDemo;
			sourceTree = "<group>";
		};
		108C38E921D4F2FA000F93A1 = {
			isa = PBXGroup;
			children = (
				108C38F521D4F2FA000F93A1 /* Taycan */,
				1008025621D51C350036733B /* TaycanDemo */,
				108C38F421D4F2FA000F93A1 /* Products */,
			);
			sourceTree = "<group>";
		};
		108C38F421D4F2FA000F93A1 /* Products */ = {
			isa = PBXGroup;
			children = (
				108C38F321D4F2FA000F93A1 /* Taycan.framework */,
				1008025521D51C350036733B /* TaycanDemo.app */,
			);
			name = Products;
			sourceTree = "<group>";
		};
		108C38F521D4F2FA000F93A1 /* Taycan */ = {
			isa = PBXGroup;
			children = (
				108C38FE21D4F433000F93A1 /* unqlite */,
				108C38F621D4F2FA000F93A1 /* Taycan.h */,
				108C38F721D4F2FA000F93A1 /* Info.plist */,
				B2D2A108DE54D2FC21C0AD12 /* Core */,
				B2D2A153D470D0A7E78B9EC8 /* Taycan */,
			);
			path = Taycan;
			sourceTree = "<group>";
		};
		108C38FE21D4F433000F93A1 /* unqlite */ = {
			isa = PBXGroup;
			children = (
				108C38FF21D4F433000F93A1 /* unqlite.c */,
				108C390021D4F433000F93A1 /* unqlite.h */,
			);
			path = unqlite;
			sourceTree = "<group>";
		};
		B2D2A066FA2C477FEEF4CEA0 /* core */ = {
			isa = PBXGroup;
			children = (
				B2D2AD723D60435CAD4941CB /* taycan_core.h */,
				B2D2A41C4808B2EC99A66460 /* taycan_core.c */,
			);
			path = core;
			sourceTree = "<group>";
		};
		B2D2A108DE54D2FC21C0AD12 /* Core */ = {
			isa = PBXGroup;
			children = (
				B2D2A3A9335CBAB570A3B7D9 /* log */,
				B2D2A066FA2C477FEEF4CEA0 /* core */,
			);
			path = Core;
			sourceTree = "<group>";
		};
		B2D2A153D470D0A7E78B9EC8 /* Taycan */ = {
			isa = PBXGroup;
			children = (
				B2D2AE1C61EF2A973CB8C65F /* Database.swift */,
				B2D2A9EF3BED2B5CDEA96426 /* Coder.swift */,
				B2D2A761E5EB85E4A1BFFFAA /* DataConvertible.swift */,
				B2D2AC6C5D0A687B7EEA14F2 /* Horn.swift */,
				B2D2ADC2089C2034E625AA43 /* Taycan.swift */,
			);
			path = Taycan;
			sourceTree = "<group>";
		};
		B2D2A3A9335CBAB570A3B7D9 /* log */ = {
			isa = PBXGroup;
			children = (
				B2D2A7C11FAAF733A97167BA /* taycan_log.h */,
				B2D2AE2ECC67A078C1D502A0 /* taycan_log.c */,
			);
			path = log;
			sourceTree = "<group>";
		};
/* End PBXGroup section */

/* Begin PBXHeadersBuildPhase section */
		108C38EE21D4F2FA000F93A1 /* Headers */ = {
			isa = PBXHeadersBuildPhase;
			buildActionMask = 2147483647;
			files = (
				108C38F821D4F2FA000F93A1 /* Taycan.h in Headers */,
				108C390221D4F433000F93A1 /* unqlite.h in Headers */,
				B2D2A91EB2889FE4BE1D88EE /* taycan_log.h in Headers */,
				B2D2AA7B2D2E2459C107DC4F /* taycan_core.h in Headers */,
			);
			runOnlyForDeploymentPostprocessing = 0;
		};
/* End PBXHeadersBuildPhase section */

/* Begin PBXNativeTarget section */
		1008025421D51C350036733B /* TaycanDemo */ = {
			isa = PBXNativeTarget;
			buildConfigurationList = 1008026421D51C360036733B /* Build configuration list for PBXNativeTarget "TaycanDemo" */;
			buildPhases = (
				1008025121D51C350036733B /* Sources */,
				1008025221D51C350036733B /* Frameworks */,
				1008025321D51C350036733B /* Resources */,
				1008026B21D51DB90036733B /* Embed Frameworks */,
			);
			buildRules = (
			);
			dependencies = (
				1008026A21D51DB90036733B /* PBXTargetDependency */,
			);
			name = TaycanDemo;
			productName = TaycanDemo;
			productReference = 1008025521D51C350036733B /* TaycanDemo.app */;
			productType = "com.apple.product-type.application";
		};
		108C38F221D4F2FA000F93A1 /* Taycan */ = {
			isa = PBXNativeTarget;
			buildConfigurationList = 108C38FB21D4F2FA000F93A1 /* Build configuration list for PBXNativeTarget "Taycan" */;
			buildPhases = (
				108C38EE21D4F2FA000F93A1 /* Headers */,
				108C38EF21D4F2FA000F93A1 /* Sources */,
				108C38F021D4F2FA000F93A1 /* Frameworks */,
				108C38F121D4F2FA000F93A1 /* Resources */,
			);
			buildRules = (
			);
			dependencies = (
			);
			name = Taycan;
			productName = Taycan;
			productReference = 108C38F321D4F2FA000F93A1 /* Taycan.framework */;
			productType = "com.apple.product-type.framework";
		};
/* End PBXNativeTarget section */

/* Begin PBXProject section */
		108C38EA21D4F2FA000F93A1 /* Project object */ = {
			isa = PBXProject;
			attributes = {
				LastSwiftUpdateCheck = 1010;
				LastUpgradeCheck = 1010;
				ORGANIZATIONNAME = Limengyu;
				TargetAttributes = {
					1008025421D51C350036733B = {
						CreatedOnToolsVersion = 10.1;
					};
					108C38F221D4F2FA000F93A1 = {
						CreatedOnToolsVersion = 10.1;
					};
				};
			};
			buildConfigurationList = 108C38ED21D4F2FA000F93A1 /* Build configuration list for PBXProject "Taycan" */;
			compatibilityVersion = "Xcode 9.3";
			developmentRegion = en;
			hasScannedForEncodings = 0;
			knownRegions = (
				en,
				Base,
			);
			mainGroup = 108C38E921D4F2FA000F93A1;
			productRefGroup = 108C38F421D4F2FA000F93A1 /* Products */;
			projectDirPath = "";
			projectRoot = "";
			targets = (
				108C38F221D4F2FA000F93A1 /* Taycan */,
				1008025421D51C350036733B /* TaycanDemo */,
			);
		};
/* End PBXProject section */

/* Begin PBXResourcesBuildPhase section */
		1008025321D51C350036733B /* Resources */ = {
			isa = PBXResourcesBuildPhase;
			buildActionMask = 2147483647;
			files = (
				1008026221D51C360036733B /* LaunchScreen.storyboard in Resources */,
				1008025F21D51C360036733B /* Assets.xcassets in Resources */,
				1008025D21D51C350036733B /* Main.storyboard in Resources */,
			);
			runOnlyForDeploymentPostprocessing = 0;
		};
		108C38F121D4F2FA000F93A1 /* Resources */ = {
			isa = PBXResourcesBuildPhase;
			buildActionMask = 2147483647;
			files = (
			);
			runOnlyForDeploymentPostprocessing = 0;
		};
/* End PBXResourcesBuildPhase section */

/* Begin PBXSourcesBuildPhase section */
		1008025121D51C350036733B /* Sources */ = {
			isa = PBXSourcesBuildPhase;
			buildActionMask = 2147483647;
			files = (
				1008025A21D51C350036733B /* ViewController.swift in Sources */,
				1008025821D51C350036733B /* AppDelegate.swift in Sources */,
				B2D2A2DF597E202B21CE4916 /* TaycanEnvironment.swift in Sources */,
			);
			runOnlyForDeploymentPostprocessing = 0;
		};
		108C38EF21D4F2FA000F93A1 /* Sources */ = {
			isa = PBXSourcesBuildPhase;
			buildActionMask = 2147483647;
			files = (
				108C390121D4F433000F93A1 /* unqlite.c in Sources */,
				B2D2AFEE169AD2BFFF0557BE /* Database.swift in Sources */,
				B2D2A8DDF25F8A116753D693 /* Coder.swift in Sources */,
				B2D2A4015DC16A2BF178A548 /* DataConvertible.swift in Sources */,
				B2D2A344EB075D2A42B66564 /* Horn.swift in Sources */,
				B2D2AFC2750ADF42306873D8 /* Taycan.swift in Sources */,
				B2D2A33580003E6B7D7207F0 /* taycan_log.c in Sources */,
				B2D2A144213B3C14D52AD1DD /* taycan_core.c in Sources */,
			);
			runOnlyForDeploymentPostprocessing = 0;
		};
/* End PBXSourcesBuildPhase section */

/* Begin PBXTargetDependency section */
		1008026A21D51DB90036733B /* PBXTargetDependency */ = {
			isa = PBXTargetDependency;
			target = 108C38F221D4F2FA000F93A1 /* Taycan */;
			targetProxy = 1008026921D51DB90036733B /* PBXContainerItemProxy */;
		};
/* End PBXTargetDependency section */

/* Begin PBXVariantGroup section */
		1008025B21D51C350036733B /* Main.storyboard */ = {
			isa = PBXVariantGroup;
			children = (
				1008025C21D51C350036733B /* Base */,
			);
			name = Main.storyboard;
			sourceTree = "<group>";
		};
		1008026021D51C360036733B /* LaunchScreen.storyboard */ = {
			isa = PBXVariantGroup;
			children = (
				1008026121D51C360036733B /* Base */,
			);
			name = LaunchScreen.storyboard;
			sourceTree = "<group>";
		};
/* End PBXVariantGroup section */

/* Begin XCBuildConfiguration section */
		1008026521D51C360036733B /* Debug */ = {
			isa = XCBuildConfiguration;
			buildSettings = {
				ALWAYS_EMBED_SWIFT_STANDARD_LIBRARIES = YES;
				ASSETCATALOG_COMPILER_APPICON_NAME = AppIcon;
				CODE_SIGN_STYLE = Automatic;
				DEVELOPMENT_TEAM = 4S5ZWGJSPN;
				INFOPLIST_FILE = TaycanDemo/Info.plist;
				IPHONEOS_DEPLOYMENT_TARGET = 9.0;
				LD_RUNPATH_SEARCH_PATHS = (
					"$(inherited)",
					"@executable_path/Frameworks",
				);
				PRODUCT_BUNDLE_IDENTIFIER = top.limengyu.TaycanDemo;
				PRODUCT_NAME = "$(TARGET_NAME)";
				SWIFT_VERSION = 4.2;
				TARGETED_DEVICE_FAMILY = "1,2";
			};
			name = Debug;
		};
		1008026621D51C360036733B /* Release */ = {
			isa = XCBuildConfiguration;
			buildSettings = {
				ALWAYS_EMBED_SWIFT_STANDARD_LIBRARIES = YES;
				ASSETCATALOG_COMPILER_APPICON_NAME = AppIcon;
				CODE_SIGN_STYLE = Automatic;
				DEVELOPMENT_TEAM = 4S5ZWGJSPN;
				INFOPLIST_FILE = TaycanDemo/Info.plist;
				IPHONEOS_DEPLOYMENT_TARGET = 9.0;
				LD_RUNPATH_SEARCH_PATHS = (
					"$(inherited)",
					"@executable_path/Frameworks",
				);
				PRODUCT_BUNDLE_IDENTIFIER = top.limengyu.TaycanDemo;
				PRODUCT_NAME = "$(TARGET_NAME)";
				SWIFT_VERSION = 4.2;
				TARGETED_DEVICE_FAMILY = "1,2";
			};
			name = Release;
		};
		108C38F921D4F2FA000F93A1 /* Debug */ = {
			isa = XCBuildConfiguration;
			buildSettings = {
				ALWAYS_SEARCH_USER_PATHS = NO;
				CLANG_ANALYZER_NONNULL = YES;
				CLANG_ANALYZER_NUMBER_OBJECT_CONVERSION = YES_AGGRESSIVE;
				CLANG_CXX_LANGUAGE_STANDARD = "gnu++14";
				CLANG_CXX_LIBRARY = "libc++";
				CLANG_ENABLE_MODULES = YES;
				CLANG_ENABLE_OBJC_ARC = YES;
				CLANG_ENABLE_OBJC_WEAK = YES;
				CLANG_WARN_BLOCK_CAPTURE_AUTORELEASING = YES;
				CLANG_WARN_BOOL_CONVERSION = YES;
				CLANG_WARN_COMMA = YES;
				CLANG_WARN_CONSTANT_CONVERSION = YES;
				CLANG_WARN_DEPRECATED_OBJC_IMPLEMENTATIONS = YES;
				CLANG_WARN_DIRECT_OBJC_ISA_USAGE = YES_ERROR;
				CLANG_WARN_DOCUMENTATION_COMMENTS = YES;
				CLANG_WARN_EMPTY_BODY = YES;
				CLANG_WARN_ENUM_CONVERSION = YES;
				CLANG_WARN_INFINITE_RECURSION = YES;
				CLANG_WARN_INT_CONVERSION = YES;
				CLANG_WARN_NON_LITERAL_NULL_CONVERSION = YES;
				CLANG_WARN_OBJC_IMPLICIT_RETAIN_SELF = YES;
				CLANG_WARN_OBJC_LITERAL_CONVERSION = YES;
				CLANG_WARN_OBJC_ROOT_CLASS = YES_ERROR;
				CLANG_WARN_RANGE_LOOP_ANALYSIS = YES;
				CLANG_WARN_STRICT_PROTOTYPES = YES;
				CLANG_WARN_SUSPICIOUS_MOVE = YES;
				CLANG_WARN_UNGUARDED_AVAILABILITY = YES_AGGRESSIVE;
				CLANG_WARN_UNREACHABLE_CODE = YES;
				CLANG_WARN__DUPLICATE_METHOD_MATCH = YES;
				CODE_SIGN_IDENTITY = "iPhone Developer";
				COPY_PHASE_STRIP = NO;
				CURRENT_PROJECT_VERSION = 1;
				DEBUG_INFORMATION_FORMAT = dwarf;
				ENABLE_STRICT_OBJC_MSGSEND = YES;
				ENABLE_TESTABILITY = YES;
				GCC_C_LANGUAGE_STANDARD = gnu11;
				GCC_DYNAMIC_NO_PIC = NO;
				GCC_NO_COMMON_BLOCKS = YES;
				GCC_OPTIMIZATION_LEVEL = 0;
				GCC_PREPROCESSOR_DEFINITIONS = (
					"DEBUG=1",
					"$(inherited)",
				);
				GCC_WARN_64_TO_32_BIT_CONVERSION = YES;
				GCC_WARN_ABOUT_RETURN_TYPE = YES_ERROR;
				GCC_WARN_UNDECLARED_SELECTOR = YES;
				GCC_WARN_UNINITIALIZED_AUTOS = YES_AGGRESSIVE;
				GCC_WARN_UNUSED_FUNCTION = YES;
				GCC_WARN_UNUSED_VARIABLE = YES;
				IPHONEOS_DEPLOYMENT_TARGET = 12.1;
				MTL_ENABLE_DEBUG_INFO = INCLUDE_SOURCE;
				MTL_FAST_MATH = YES;
				ONLY_ACTIVE_ARCH = YES;
				SDKROOT = iphoneos;
				SWIFT_ACTIVE_COMPILATION_CONDITIONS = DEBUG;
				SWIFT_OPTIMIZATION_LEVEL = "-Onone";
				VERSIONING_SYSTEM = "apple-generic";
				VERSION_INFO_PREFIX = "";
			};
			name = Debug;
		};
		108C38FA21D4F2FA000F93A1 /* Release */ = {
			isa = XCBuildConfiguration;
			buildSettings = {
				ALWAYS_SEARCH_USER_PATHS = NO;
				CLANG_ANALYZER_NONNULL = YES;
				CLANG_ANALYZER_NUMBER_OBJECT_CONVERSION = YES_AGGRESSIVE;
				CLANG_CXX_LANGUAGE_STANDARD = "gnu++14";
				CLANG_CXX_LIBRARY = "libc++";
				CLANG_ENABLE_MODULES = YES;
				CLANG_ENABLE_OBJC_ARC = YES;
				CLANG_ENABLE_OBJC_WEAK = YES;
				CLANG_WARN_BLOCK_CAPTURE_AUTORELEASING = YES;
				CLANG_WARN_BOOL_CONVERSION = YES;
				CLANG_WARN_COMMA = YES;
				CLANG_WARN_CONSTANT_CONVERSION = YES;
				CLANG_WARN_DEPRECATED_OBJC_IMPLEMENTATIONS = YES;
				CLANG_WARN_DIRECT_OBJC_ISA_USAGE = YES_ERROR;
				CLANG_WARN_DOCUMENTATION_COMMENTS = YES;
				CLANG_WARN_EMPTY_BODY = YES;
				CLANG_WARN_ENUM_CONVERSION = YES;
				CLANG_WARN_INFINITE_RECURSION = YES;
				CLANG_WARN_INT_CONVERSION = YES;
				CLANG_WARN_NON_LITERAL_NULL_CONVERSION = YES;
				CLANG_WARN_OBJC_IMPLICIT_RETAIN_SELF = YES;
				CLANG_WARN_OBJC_LITERAL_CONVERSION = YES;
				CLANG_WARN_OBJC_ROOT_CLASS = YES_ERROR;
				CLANG_WARN_RANGE_LOOP_ANALYSIS = YES;
				CLANG_WARN_STRICT_PROTOTYPES = YES;
				CLANG_WARN_SUSPICIOUS_MOVE = YES;
				CLANG_WARN_UNGUARDED_AVAILABILITY = YES_AGGRESSIVE;
				CLANG_WARN_UNREACHABLE_CODE = YES;
				CLANG_WARN__DUPLICATE_METHOD_MATCH = YES;
				CODE_SIGN_IDENTITY = "iPhone Developer";
				COPY_PHASE_STRIP = NO;
				CURRENT_PROJECT_VERSION = 1;
				DEBUG_INFORMATION_FORMAT = "dwarf-with-dsym";
				ENABLE_NS_ASSERTIONS = NO;
				ENABLE_STRICT_OBJC_MSGSEND = YES;
				GCC_C_LANGUAGE_STANDARD = gnu11;
				GCC_NO_COMMON_BLOCKS = YES;
				GCC_WARN_64_TO_32_BIT_CONVERSION = YES;
				GCC_WARN_ABOUT_RETURN_TYPE = YES_ERROR;
				GCC_WARN_UNDECLARED_SELECTOR = YES;
				GCC_WARN_UNINITIALIZED_AUTOS = YES_AGGRESSIVE;
				GCC_WARN_UNUSED_FUNCTION = YES;
				GCC_WARN_UNUSED_VARIABLE = YES;
				IPHONEOS_DEPLOYMENT_TARGET = 12.1;
				MTL_ENABLE_DEBUG_INFO = NO;
				MTL_FAST_MATH = YES;
				SDKROOT = iphoneos;
				SWIFT_COMPILATION_MODE = wholemodule;
				SWIFT_OPTIMIZATION_LEVEL = "-O";
				VALIDATE_PRODUCT = YES;
				VERSIONING_SYSTEM = "apple-generic";
				VERSION_INFO_PREFIX = "";
			};
			name = Release;
		};
		108C38FC21D4F2FA000F93A1 /* Debug */ = {
			isa = XCBuildConfiguration;
			buildSettings = {
				CODE_SIGN_IDENTITY = "";
				CODE_SIGN_STYLE = Automatic;
				DEFINES_MODULE = YES;
				DEVELOPMENT_TEAM = 4S5ZWGJSPN;
				DYLIB_COMPATIBILITY_VERSION = 1;
				DYLIB_CURRENT_VERSION = 1;
				DYLIB_INSTALL_NAME_BASE = "@rpath";
				INFOPLIST_FILE = Taycan/Info.plist;
				INSTALL_PATH = "$(LOCAL_LIBRARY_DIR)/Frameworks";
				IPHONEOS_DEPLOYMENT_TARGET = 9.0;
				LD_RUNPATH_SEARCH_PATHS = (
					"$(inherited)",
					"@executable_path/Frameworks",
					"@loader_path/Frameworks",
				);
				PRODUCT_BUNDLE_IDENTIFIER = top.limengyu.Taycan;
				PRODUCT_NAME = "$(TARGET_NAME:c99extidentifier)";
				SKIP_INSTALL = YES;
				SWIFT_VERSION = 4.2;
				TARGETED_DEVICE_FAMILY = "1,2";
			};
			name = Debug;
		};
		108C38FD21D4F2FA000F93A1 /* Release */ = {
			isa = XCBuildConfiguration;
			buildSettings = {
				CODE_SIGN_IDENTITY = "";
				CODE_SIGN_STYLE = Automatic;
				DEFINES_MODULE = YES;
				DEVELOPMENT_TEAM = 4S5ZWGJSPN;
				DYLIB_COMPATIBILITY_VERSION = 1;
				DYLIB_CURRENT_VERSION = 1;
				DYLIB_INSTALL_NAME_BASE = "@rpath";
				INFOPLIST_FILE = Taycan/Info.plist;
				INSTALL_PATH = "$(LOCAL_LIBRARY_DIR)/Frameworks";
				IPHONEOS_DEPLOYMENT_TARGET = 9.0;
				LD_RUNPATH_SEARCH_PATHS = (
					"$(inherited)",
					"@executable_path/Frameworks",
					"@loader_path/Frameworks",
				);
				PRODUCT_BUNDLE_IDENTIFIER = top.limengyu.Taycan;
				PRODUCT_NAME = "$(TARGET_NAME:c99extidentifier)";
				SKIP_INSTALL = YES;
				SWIFT_VERSION = 4.2;
				TARGETED_DEVICE_FAMILY = "1,2";
			};
			name = Release;
		};
/* End XCBuildConfiguration section */

/* Begin XCConfigurationList section */
		1008026421D51C360036733B /* Build configuration list for PBXNativeTarget "TaycanDemo" */ = {
			isa = XCConfigurationList;
			buildConfigurations = (
				1008026521D51C360036733B /* Debug */,
				1008026621D51C360036733B /* Release */,
			);
			defaultConfigurationIsVisible = 0;
			defaultConfigurationName = Release;
		};
		108C38ED21D4F2FA000F93A1 /* Build configuration list for PBXProject "Taycan" */ = {
			isa = XCConfigurationList;
			buildConfigurations = (
				108C38F921D4F2FA000F93A1 /* Debug */,
				108C38FA21D4F2FA000F93A1 /* Release */,
			);
			defaultConfigurationIsVisible = 0;
			defaultConfigurationName = Release;
		};
		108C38FB21D4F2FA000F93A1 /* Build configuration list for PBXNativeTarget "Taycan" */ = {
			isa = XCConfigurationList;
			buildConfigurations = (
				108C38FC21D4F2FA000F93A1 /* Debug */,
				108C38FD21D4F2FA000F93A1 /* Release */,
			);
			defaultConfigurationIsVisible = 0;
			defaultConfigurationName = Release;
		};
/* End XCConfigurationList section */
	};
	rootObject = 108C38EA21D4F2FA000F93A1 /* Project object */;
}
